// !$*UTF8*$!
{
	archiveVersion = 1;
	classes = {
	};
	objectVersion = 46;
	objects = {

/* Begin PBXBuildFile section */
		3EFBE15B1CE184F7002CA065 /* main.m in Sources */ = {isa = PBXBuildFile; fileRef = 3EFBE15A1CE184F7002CA065 /* main.m */; };
		3EFBE15E1CE184F7002CA065 /* AppDelegate.m in Sources */ = {isa = PBXBuildFile; fileRef = 3EFBE15D1CE184F7002CA065 /* AppDelegate.m */; };
		3EFBE1611CE184F7002CA065 /* ViewController.m in Sources */ = {isa = PBXBuildFile; fileRef = 3EFBE1601CE184F7002CA065 /* ViewController.m */; };
		3EFBE1641CE184F7002CA065 /* Main.storyboard in Resources */ = {isa = PBXBuildFile; fileRef = 3EFBE1621CE184F7002CA065 /* Main.storyboard */; };
		3EFBE1661CE184F7002CA065 /* Assets.xcassets in Resources */ = {isa = PBXBuildFile; fileRef = 3EFBE1651CE184F7002CA065 /* Assets.xcassets */; };
		3EFBE1691CE184F7002CA065 /* LaunchScreen.storyboard in Resources */ = {isa = PBXBuildFile; fileRef = 3EFBE1671CE184F7002CA065 /* LaunchScreen.storyboard */; };
		3EFBE1741CE184F7002CA065 /* ClockViewTests.m in Sources */ = {isa = PBXBuildFile; fileRef = 3EFBE1731CE184F7002CA065 /* ClockViewTests.m */; };
		3EFBE17F1CE184F7002CA065 /* ClockViewUITests.m in Sources */ = {isa = PBXBuildFile; fileRef = 3EFBE17E1CE184F7002CA065 /* ClockViewUITests.m */; };
/* End PBXBuildFile section */

/* Begin PBXContainerItemProxy section */
		3EFBE1701CE184F7002CA065 /* PBXContainerItemProxy */ = {
			isa = PBXContainerItemProxy;
			containerPortal = 3EFBE14E1CE184F7002CA065 /* Project object */;
			proxyType = 1;
			remoteGlobalIDString = 3EFBE1551CE184F7002CA065;
			remoteInfo = ClockView;
		};
		3EFBE17B1CE184F7002CA065 /* PBXContainerItemProxy */ = {
			isa = PBXContainerItemProxy;
			containerPortal = 3EFBE14E1CE184F7002CA065 /* Project object */;
			proxyType = 1;
			remoteGlobalIDString = 3EFBE1551CE184F7002CA065;
			remoteInfo = ClockView;
		};
/* End PBXContainerItemProxy section */

/* Begin PBXFileReference section */
		3EFBE1561CE184F7002CA065 /* ClockView.app */ = {isa = PBXFileReference; explicitFileType = wrapper.application; includeInIndex = 0; path = ClockView.app; sourceTree = BUILT_PRODUCTS_DIR; };
		3EFBE15A1CE184F7002CA065 /* main.m */ = {isa = PBXFileReference; lastKnownFileType = sourcecode.c.objc; path = main.m; sourceTree = "<group>"; };
		3EFBE15C1CE184F7002CA065 /* AppDelegate.h */ = {isa = PBXFileReference; lastKnownFileType = sourcecode.c.h; path = AppDelegate.h; sourceTree = "<group>"; };
		3EFBE15D1CE184F7002CA065 /* AppDelegate.m */ = {isa = PBXFileReference; lastKnownFileType = sourcecode.c.objc; path = AppDelegate.m; sourceTree = "<group>"; };
		3EFBE15F1CE184F7002CA065 /* ViewController.h */ = {isa = PBXFileReference; lastKnownFileType = sourcecode.c.h; path = ViewController.h; sourceTree = "<group>"; };
		3EFBE1601CE184F7002CA065 /* ViewController.m */ = {isa = PBXFileReference; lastKnownFileType = sourcecode.c.objc; path = ViewController.m; sourceTree = "<group>"; };
		3EFBE1631CE184F7002CA065 /* Base */ = {isa = PBXFileReference; lastKnownFileType = file.storyboard; name = Base; path = Base.lproj/Main.storyboard; sourceTree = "<group>"; };
		3EFBE1651CE184F7002CA065 /* Assets.xcassets */ = {isa = PBXFileReference; lastKnownFileType = folder.assetcatalog; path = Assets.xcassets; sourceTree = "<group>"; };
		3EFBE1681CE184F7002CA065 /* Base */ = {isa = PBXFileReference; lastKnownFileType = file.storyboard; name = Base; path = Base.lproj/LaunchScreen.storyboard; sourceTree = "<group>"; };
		3EFBE16A1CE184F7002CA065 /* Info.plist */ = {isa = PBXFileReference; lastKnownFileType = text.plist.xml; path = Info.plist; sourceTree = "<group>"; };
		3EFBE16F1CE184F7002CA065 /* ClockViewTests.xctest */ = {isa = PBXFileReference; explicitFileType = wrapper.cfbundle; includeInIndex = 0; path = ClockViewTests.xctest; sourceTree = BUILT_PRODUCTS_DIR; };
		3EFBE1731CE184F7002CA065 /* ClockViewTests.m */ = {isa = PBXFileReference; lastKnownFileType = sourcecode.c.objc; path = ClockViewTests.m; sourceTree = "<group>"; };
		3EFBE1751CE184F7002CA065 /* Info.plist */ = {isa = PBXFileReference; lastKnownFileType = text.plist.xml; path = Info.plist; sourceTree = "<group>"; };
		3EFBE17A1CE184F7002CA065 /* ClockViewUITests.xctest */ = {isa = PBXFileReference; explicitFileType = wrapper.cfbundle; includeInIndex = 0; path = ClockViewUITests.xctest; sourceTree = BUILT_PRODUCTS_DIR; };
		3EFBE17E1CE184F7002CA065 /* ClockViewUITests.m */ = {isa = PBXFileReference; lastKnownFileType = sourcecode.c.objc; path = ClockViewUITests.m; sourceTree = "<group>"; };
		3EFBE1801CE184F7002CA065 /* Info.plist */ = {isa = PBXFileReference; lastKnownFileType = text.plist.xml; path = Info.plist; sourceTree = "<group>"; };
/* End PBXFileReference section */

/* Begin PBXFrameworksBuildPhase section */
		3EFBE1531CE184F7002CA065 /* Frameworks */ = {
			isa = PBXFrameworksBuildPhase;
			buildActionMask = 2147483647;
			files = (
			);
			runOnlyForDeploymentPostprocessing = 0;
		};
		3EFBE16C1CE184F7002CA065 /* Frameworks */ = {
			isa = PBXFrameworksBuildPhase;
			buildActionMask = 2147483647;
			files = (
			);
			runOnlyForDeploymentPostprocessing = 0;
		};
		3EFBE1771CE184F7002CA065 /* Frameworks */ = {
			isa = PBXFrameworksBuildPhase;
			buildActionMask = 2147483647;
			files = (
			);
			runOnlyForDeploymentPostprocessing = 0;
		};
/* End PBXFrameworksBuildPhase section */

/* Begin PBXGroup section */
		3EFBE14D1CE184F7002CA065 = {
			isa = PBXGroup;
			children = (
				3EFBE1581CE184F7002CA065 /* ClockView */,
				3EFBE1721CE184F7002CA065 /* ClockViewTests */,
				3EFBE17D1CE184F7002CA065 /* ClockViewUITests */,
				3EFBE1571CE184F7002CA065 /* Products */,
			);
			sourceTree = "<group>";
		};
		3EFBE1571CE184F7002CA065 /* Products */ = {
			isa = PBXGroup;
			children = (
				3EFBE1561CE184F7002CA065 /* ClockView.app */,
				3EFBE16F1CE184F7002CA065 /* ClockViewTests.xctest */,
				3EFBE17A1CE184F7002CA065 /* ClockViewUITests.xctest */,
			);
			name = Products;
			sourceTree = "<group>";
		};
		3EFBE1581CE184F7002CA065 /* ClockView */ = {
			isa = PBXGroup;
			children = (
				3EFBE15C1CE184F7002CA065 /* AppDelegate.h */,
				3EFBE15D1CE184F7002CA065 /* AppDelegate.m */,
				3EFBE15F1CE184F7002CA065 /* ViewController.h */,
				3EFBE1601CE184F7002CA065 /* ViewController.m */,
				3EFBE1621CE184F7002CA065 /* Main.storyboard */,
				3EFBE1651CE184F7002CA065 /* Assets.xcassets */,
				3EFBE1671CE184F7002CA065 /* LaunchScreen.storyboard */,
				3EFBE16A1CE184F7002CA065 /* Info.plist */,
				3EFBE1591CE184F7002CA065 /* Supporting Files */,
			);
			path = ClockView;
			sourceTree = "<group>";
		};
		3EFBE1591CE184F7002CA065 /* Supporting Files */ = {
			isa = PBXGroup;
			children = (
				3EFBE15A1CE184F7002CA065 /* main.m */,
			);
			name = "Supporting Files";
			sourceTree = "<group>";
		};
		3EFBE1721CE184F7002CA065 /* ClockViewTests */ = {
			isa = PBXGroup;
			children = (
				3EFBE1731CE184F7002CA065 /* ClockViewTests.m */,
				3EFBE1751CE184F7002CA065 /* Info.plist */,
			);
			path = ClockViewTests;
			sourceTree = "<group>";
		};
		3EFBE17D1CE184F7002CA065 /* ClockViewUITests */ = {
			isa = PBXGroup;
			children = (
				3EFBE17E1CE184F7002CA065 /* ClockViewUITests.m */,
				3EFBE1801CE184F7002CA065 /* Info.plist */,
			);
			path = ClockViewUITests;
			sourceTree = "<group>";
		};
/* End PBXGroup section */

/* Begin PBXNativeTarget section */
		3EFBE1551CE184F7002CA065 /* ClockView */ = {
			isa = PBXNativeTarget;
			buildConfigurationList = 3EFBE1831CE184F7002CA065 /* Build configuration list for PBXNativeTarget "ClockView" */;
			buildPhases = (
				3EFBE1521CE184F7002CA065 /* Sources */,
				3EFBE1531CE184F7002CA065 /* Frameworks */,
				3EFBE1541CE184F7002CA065 /* Resources */,
			);
			buildRules = (
			);
			dependencies = (
			);
			name = ClockView;
			productName = ClockView;
			productReference = 3EFBE1561CE184F7002CA065 /* ClockView.app */;
			productType = "com.apple.product-type.application";
		};
		3EFBE16E1CE184F7002CA065 /* ClockViewTests */ = {
			isa = PBXNativeTarget;
			buildConfigurationList = 3EFBE1861CE184F7002CA065 /* Build configuration list for PBXNativeTarget "ClockViewTests" */;
			buildPhases = (
				3EFBE16B1CE184F7002CA065 /* Sources */,
				3EFBE16C1CE184F7002CA065 /* Frameworks */,
				3EFBE16D1CE184F7002CA065 /* Resources */,
			);
			buildRules = (
			);
			dependencies = (
				3EFBE1711CE184F7002CA065 /* PBXTargetDependency */,
			);
			name = ClockViewTests;
			productName = ClockViewTests;
			productReference = 3EFBE16F1CE184F7002CA065 /* ClockViewTests.xctest */;
			productType = "com.apple.product-type.bundle.unit-test";
		};
		3EFBE1791CE184F7002CA065 /* ClockViewUITests */ = {
			isa = PBXNativeTarget;
			buildConfigurationList = 3EFBE1891CE184F7002CA065 /* Build configuration list for PBXNativeTarget "ClockViewUITests" */;
			buildPhases = (
				3EFBE1761CE184F7002CA065 /* Sources */,
				3EFBE1771CE184F7002CA065 /* Frameworks */,
				3EFBE1781CE184F7002CA065 /* Resources */,
			);
			buildRules = (
			);
			dependencies = (
				3EFBE17C1CE184F7002CA065 /* PBXTargetDependency */,
			);
			name = ClockViewUITests;
			productName = ClockViewUITests;
			productReference = 3EFBE17A1CE184F7002CA065 /* ClockViewUITests.xctest */;
			productType = "com.apple.product-type.bundle.ui-testing";
		};
/* End PBXNativeTarget section */

/* Begin PBXProject section */
		3EFBE14E1CE184F7002CA065 /* Project object */ = {
			isa = PBXProject;
			attributes = {
				LastUpgradeCheck = 0700;
				ORGANIZATIONNAME = QLS;
				TargetAttributes = {
					3EFBE1551CE184F7002CA065 = {
						CreatedOnToolsVersion = 7.0;
					};
					3EFBE16E1CE184F7002CA065 = {
						CreatedOnToolsVersion = 7.0;
						TestTargetID = 3EFBE1551CE184F7002CA065;
					};
					3EFBE1791CE184F7002CA065 = {
						CreatedOnToolsVersion = 7.0;
						TestTargetID = 3EFBE1551CE184F7002CA065;
					};
				};
			};
			buildConfigurationList = 3EFBE1511CE184F7002CA065 /* Build configuration list for PBXProject "ClockView" */;
			compatibilityVersion = "Xcode 3.2";
			developmentRegion = English;
			hasScannedForEncodings = 0;
			knownRegions = (
				en,
				Base,
			);
			mainGroup = 3EFBE14D1CE184F7002CA065;
			productRefGroup = 3EFBE1571CE184F7002CA065 /* Products */;
			projectDirPath = "";
			projectRoot = "";
			targets = (
				3EFBE1551CE184F7002CA065 /* ClockView */,
				3EFBE16E1CE184F7002CA065 /* ClockViewTests */,
				3EFBE1791CE184F7002CA065 /* ClockViewUITests */,
			);
		};
/* End PBXProject section */

/* Begin PBXResourcesBuildPhase section */
		3EFBE1541CE184F7002CA065 /* Resources */ = {
			isa = PBXResourcesBuildPhase;
			buildActionMask = 2147483647;
			files = (
				3EFBE1691CE184F7002CA065 /* LaunchScreen.storyboard in Resources */,
				3EFBE1661CE184F7002CA065 /* Assets.xcassets in Resources */,
				3EFBE1641CE184F7002CA065 /* Main.storyboard in Resources */,
			);
			runOnlyForDeploymentPostprocessing = 0;
		};
		3EFBE16D1CE184F7002CA065 /* Resources */ = {
			isa = PBXResourcesBuildPhase;
			buildActionMask = 2147483647;
			files = (
			);
			runOnlyForDeploymentPostprocessing = 0;
		};
		3EFBE1781CE184F7002CA065 /* Resources */ = {
			isa = PBXResourcesBuildPhase;
			buildActionMask = 2147483647;
			files = (
			);
			runOnlyForDeploymentPostprocessing = 0;
		};
/* End PBXResourcesBuildPhase section */

/* Begin PBXSourcesBuildPhase section */
		3EFBE1521CE184F7002CA065 /* Sources */ = {
			isa = PBXSourcesBuildPhase;
			buildActionMask = 2147483647;
			files = (
				3EFBE1611CE184F7002CA065 /* ViewController.m in Sources */,
				3EFBE15E1CE184F7002CA065 /* AppDelegate.m in Sources */,
				3EFBE15B1CE184F7002CA065 /* main.m in Sources */,
			);
			runOnlyForDeploymentPostprocessing = 0;
		};
		3EFBE16B1CE184F7002CA065 /* Sources */ = {
			isa = PBXSourcesBuildPhase;
			buildActionMask = 2147483647;
			files = (
				3EFBE1741CE184F7002CA065 /* ClockViewTests.m in Sources */,
			);
			runOnlyForDeploymentPostprocessing = 0;
		};
		3EFBE1761CE184F7002CA065 /* Sources */ = {
			isa = PBXSourcesBuildPhase;
			buildActionMask = 2147483647;
			files = (
				3EFBE17F1CE184F7002CA065 /* ClockViewUITests.m in Sources */,
			);
			runOnlyForDeploymentPostprocessing = 0;
		};
/* End PBXSourcesBuildPhase section */

/* Begin PBXTargetDependency section */
		3EFBE1711CE184F7002CA065 /* PBXTargetDependency */ = {
			isa = PBXTargetDependency;
			target = 3EFBE1551CE184F7002CA065 /* ClockView */;
			targetProxy = 3EFBE1701CE184F7002CA065 /* PBXContainerItemProxy */;
		};
		3EFBE17C1CE184F7002CA065 /* PBXTargetDependency */ = {
			isa = PBXTargetDependency;
			target = 3EFBE1551CE184F7002CA065 /* ClockView */;
			targetProxy = 3EFBE17B1CE184F7002CA065 /* PBXContainerItemProxy */;
		};
/* End PBXTargetDependency section */

/* Begin PBXVariantGroup section */
		3EFBE1621CE184F7002CA065 /* Main.storyboard */ = {
			isa = PBXVariantGroup;
			children = (
				3EFBE1631CE184F7002CA065 /* Base */,
			);
			name = Main.storyboard;
			sourceTree = "<group>";
		};
		3EFBE1671CE184F7002CA065 /* LaunchScreen.storyboard */ = {
			isa = PBXVariantGroup;
			children = (
				3EFBE1681CE184F7002CA065 /* Base */,
			);
			name = LaunchScreen.storyboard;
			sourceTree = "<group>";
		};
/* End PBXVariantGroup section */

/* Begin XCBuildConfiguration section */
		3EFBE1811CE184F7002CA065 /* Debug */ = {
			isa = XCBuildConfiguration;
			buildSettings = {
				ALWAYS_SEARCH_USER_PATHS = NO;
				CLANG_CXX_LANGUAGE_STANDARD = "gnu++0x";
				CLANG_CXX_LIBRARY = "libc++";
				CLANG_ENABLE_MODULES = YES;
				CLANG_ENABLE_OBJC_ARC = YES;
				CLANG_WARN_BOOL_CONVERSION = YES;
				CLANG_WARN_CONSTANT_CONVERSION = YES;
				CLANG_WARN_DIRECT_OBJC_ISA_USAGE = YES_ERROR;
				CLANG_WARN_EMPTY_BODY = YES;
				CLANG_WARN_ENUM_CONVERSION = YES;
				CLANG_WARN_INT_CONVERSION = YES;
				CLANG_WARN_OBJC_ROOT_CLASS = YES_ERROR;
				CLANG_WARN_UNREACHABLE_CODE = YES;
				CLANG_WARN__DUPLICATE_METHOD_MATCH = YES;
				"CODE_SIGN_IDENTITY[sdk=iphoneos*]" = "iPhone Developer";
				COPY_PHASE_STRIP = NO;
				DEBUG_INFORMATION_FORMAT = dwarf;
				ENABLE_STRICT_OBJC_MSGSEND = YES;
				ENABLE_TESTABILITY = YES;
				GCC_C_LANGUAGE_STANDARD = gnu99;
				GCC_DYNAMIC_NO_PIC = NO;
				GCC_NO_COMMON_BLOCKS = YES;
				GCC_OPTIMIZATION_LEVEL = 0;
				GCC_PREPROCESSOR_DEFINITIONS = (
					"DEBUG=1",
					"$(inherited)",
				);
				GCC_WARN_64_TO_32_BIT_CONVERSION = YES;
				GCC_WARN_ABOUT_RETURN_TYPE = YES_ERROR;
				GCC_WARN_UNDECLARED_SELECTOR = YES;
				GCC_WARN_UNINITIALIZED_AUTOS = YES_AGGRESSIVE;
				GCC_WARN_UNUSED_FUNCTION = YES;
				GCC_WARN_UNUSED_VARIABLE = YES;
				IPHONEOS_DEPLOYMENT_TARGET = 9.0;
				MTL_ENABLE_DEBUG_INFO = YES;
				ONLY_ACTIVE_ARCH = YES;
				SDKROOT = iphoneos;
				TARGETED_DEVICE_FAMILY = "1,2";
			};
			name = Debug;
		};
		3EFBE1821CE184F7002CA065 /* Release */ = {
			isa = XCBuildConfiguration;
			buildSettings = {
				ALWAYS_SEARCH_USER_PATHS = NO;
				CLANG_CXX_LANGUAGE_STANDARD = "gnu++0x";
				CLANG_CXX_LIBRARY = "libc++";
				CLANG_ENABLE_MODULES = YES;
				CLANG_ENABLE_OBJC_ARC = YES;
				CLANG_WARN_BOOL_CONVERSION = YES;
				CLANG_WARN_CONSTANT_CONVERSION = YES;
				CLANG_WARN_DIRECT_OBJC_ISA_USAGE = YES_ERROR;
				CLANG_WARN_EMPTY_BODY = YES;
				CLANG_WARN_ENUM_CONVERSION = YES;
				CLANG_WARN_INT_CONVERSION = YES;
				CLANG_WARN_OBJC_ROOT_CLASS = YES_ERROR;
				CLANG_WARN_UNREACHABLE_CODE = YES;
				CLANG_WARN__DUPLICATE_METHOD_MATCH = YES;
				"CODE_SIGN_IDENTITY[sdk=iphoneos*]" = "iPhone Developer";
				COPY_PHASE_STRIP = NO;
				DEBUG_INFORMATION_FORMAT = "dwarf-with-dsym";
				ENABLE_NS_ASSERTIONS = NO;
				ENABLE_STRICT_OBJC_MSGSEND = YES;
				GCC_C_LANGUAGE_STANDARD = gnu99;
				GCC_NO_COMMON_BLOCKS = YES;
				GCC_WARN_64_TO_32_BIT_CONVERSION = YES;
				GCC_WARN_ABOUT_RETURN_TYPE = YES_ERROR;
				GCC_WARN_UNDECLARED_SELECTOR = YES;
				GCC_WARN_UNINITIALIZED_AUTOS = YES_AGGRESSIVE;
				GCC_WARN_UNUSED_FUNCTION = YES;
				GCC_WARN_UNUSED_VARIABLE = YES;
				IPHONEOS_DEPLOYMENT_TARGET = 9.0;
				MTL_ENABLE_DEBUG_INFO = NO;
				SDKROOT = iphoneos;
				TARGETED_DEVICE_FAMILY = "1,2";
				VALIDATE_PRODUCT = YES;
			};
			name = Release;
		};
		3EFBE1841CE184F7002CA065 /* Debug */ = {
			isa = XCBuildConfiguration;
			buildSettings = {
				ASSETCATALOG_COMPILER_APPICON_NAME = AppIcon;
				INFOPLIST_FILE = ClockView/Info.plist;
				LD_RUNPATH_SEARCH_PATHS = "$(inherited) @executable_path/Frameworks";
				PRODUCT_BUNDLE_IDENTIFIER = qls.ClockView;
				PRODUCT_NAME = "$(TARGET_NAME)";
			};
			name = Debug;
		};
		3EFBE1851CE184F7002CA065 /* Release */ = {
			isa = XCBuildConfiguration;
			buildSettings = {
				ASSETCATALOG_COMPILER_APPICON_NAME = AppIcon;
				INFOPLIST_FILE = ClockView/Info.plist;
				LD_RUNPATH_SEARCH_PATHS = "$(inherited) @executable_path/Frameworks";
				PRODUCT_BUNDLE_IDENTIFIER = qls.ClockView;
				PRODUCT_NAME = "$(TARGET_NAME)";
			};
			name = Release;
		};
		3EFBE1871CE184F7002CA065 /* Debug */ = {
			isa = XCBuildConfiguration;
			buildSettings = {
				BUNDLE_LOADER = "$(TEST_HOST)";
				INFOPLIST_FILE = ClockViewTests/Info.plist;
				LD_RUNPATH_SEARCH_PATHS = "$(inherited) @executable_path/Frameworks @loader_path/Frameworks";
				PRODUCT_BUNDLE_IDENTIFIER = qls.ClockViewTests;
				PRODUCT_NAME = "$(TARGET_NAME)";
				TEST_HOST = "$(BUILT_PRODUCTS_DIR)/ClockView.app/ClockView";
			};
			name = Debug;
		};
		3EFBE1881CE184F7002CA065 /* Release */ = {
			isa = XCBuildConfiguration;
			buildSettings = {
				BUNDLE_LOADER = "$(TEST_HOST)";
				INFOPLIST_FILE = ClockViewTests/Info.plist;
				LD_RUNPATH_SEARCH_PATHS = "$(inherited) @executable_path/Frameworks @loader_path/Frameworks";
				PRODUCT_BUNDLE_IDENTIFIER = qls.ClockViewTests;
				PRODUCT_NAME = "$(TARGET_NAME)";
				TEST_HOST = "$(BUILT_PRODUCTS_DIR)/ClockView.app/ClockView";
			};
			name = Release;
		};
		3EFBE18A1CE184F7002CA065 /* Debug */ = {
			isa = XCBuildConfiguration;
			buildSettings = {
				INFOPLIST_FILE = ClockViewUITests/Info.plist;
				LD_RUNPATH_SEARCH_PATHS = "$(inherited) @executable_path/Frameworks @loader_path/Frameworks";
				PRODUCT_BUNDLE_IDENTIFIER = qls.ClockViewUITests;
				PRODUCT_NAME = "$(TARGET_NAME)";
				TEST_TARGET_NAME = ClockView;
				USES_XCTRUNNER = YES;
			};
			name = Debug;
		};
		3EFBE18B1CE184F7002CA065 /* Release */ = {
			isa = XCBuildConfiguration;
			buildSettings = {
				INFOPLIST_FILE = ClockViewUITests/Info.plist;
				LD_RUNPATH_SEARCH_PATHS = "$(inherited) @executable_path/Frameworks @loader_path/Frameworks";
				PRODUCT_BUNDLE_IDENTIFIER = qls.ClockViewUITests;
				PRODUCT_NAME = "$(TARGET_NAME)";
				TEST_TARGET_NAME = ClockView;
				USES_XCTRUNNER = YES;
			};
			name = Release;
		};
/* End XCBuildConfiguration section */

/* Begin XCConfigurationList section */
		3EFBE1511CE184F7002CA065 /* Build configuration list for PBXProject "ClockView" */ = {
			isa = XCConfigurationList;
			buildConfigurations = (
				3EFBE1811CE184F7002CA065 /* Debug */,
				3EFBE1821CE184F7002CA065 /* Release */,
			);
			defaultConfigurationIsVisible = 0;
			defaultConfigurationName = Release;
		};
		3EFBE1831CE184F7002CA065 /* Build configuration list for PBXNativeTarget "ClockView" */ = {
			isa = XCConfigurationList;
			buildConfigurations = (
				3EFBE1841CE184F7002CA065 /* Debug */,
				3EFBE1851CE184F7002CA065 /* Release */,
			);
			defaultConfigurationIsVisible = 0;
		};
		3EFBE1861CE184F7002CA065 /* Build configuration list for PBXNativeTarget "ClockViewTests" */ = {
			isa = XCConfigurationList;
			buildConfigurations = (
				3EFBE1871CE184F7002CA065 /* Debug */,
				3EFBE1881CE184F7002CA065 /* Release */,
			);
			defaultConfigurationIsVisible = 0;
		};
		3EFBE1891CE184F7002CA065 /* Build configuration list for PBXNativeTarget "ClockViewUITests" */ = {
			isa = XCConfigurationList;
			buildConfigurations = (
				3EFBE18A1CE184F7002CA065 /* Debug */,
				3EFBE18B1CE184F7002CA065 /* Release */,
			);
			defaultConfigurationIsVisible = 0;
		};
/* End XCConfigurationList section */
	};
	rootObject = 3EFBE14E1CE184F7002CA065 /* Project object */;
}
